
Microsoft Visual Studio Solution File, Format Version 12.00
# Visual Studio Version 16
VisualStudioVersion = 16.0.29709.97
MinimumVisualStudioVersion = 10.0.40219.1
Project("{FAE04EC0-301F-11D3-BF4B-00C04F79EFBC}") = "ProcessAttach", "ProcessAttach\ProcessAttach.csproj", "{75E34472-6DA3-4734-AD62-AB299CD7FC97}"
EndProject
Global
	GlobalSection(SolutionConfigurationPlatforms) = preSolution
		Debug|Any CPU = Debug|Any CPU
		Release|Any CPU = Release|Any CPU
	EndGlobalSection
	GlobalSection(ProjectConfigurationPlatforms) = postSolution
		{75E34472-6DA3-4734-AD62-AB299CD7FC97}.Debug|Any CPU.ActiveCfg = Debug|Any CPU
		{75E34472-6DA3-4734-AD62-AB299CD7FC97}.Debug|Any CPU.Build.0 = Debug|Any CPU
		{75E34472-6DA3-4734-AD62-AB299CD7FC97}.Release|Any CPU.ActiveCfg = Release|Any CPU
		{75E34472-6DA3-4734-AD62-AB299CD7FC97}.Release|Any CPU.Build.0 = Release|Any CPU
	EndGlobalSection
	GlobalSection(SolutionProperties) = preSolution
		HideSolutionNode = FALSE
	EndGlobalSection
	GlobalSection(ExtensibilityGlobals) = postSolution
		SolutionGuid = {25109F0B-5011-488C-B850-62E19C9D2529}
	EndGlobalSection
EndGlobal
